Microsoft Visual Studio Solution File, Format Version 12.00
# Visual Studio Version 17
VisualStudioVersion = 17.5.2.0
MinimumVisualStudioVersion = 10.0.40219.1
Project("{FAE04EC0-301F-11D3-BF4B-00C04F79EFBC}") = "lixo", "lixo\lixo.csproj", "{C5DBB44F-9F03-A842-29D0-C0A0D1330C81}"
EndProject
Project("{2150E333-8FDC-42A3-9474-1A3956D46DE8}") = "beecrowd", "beecrowd", "{CA019F14-7EA1-782F-C59A-05D5B3648440}"
EndProject
Project("{FAE04EC0-301F-11D3-BF4B-00C04F79EFBC}") = "ex1001", "beecrowd\ex1001\ex1001.csproj", "{24557549-9FA3-242A-2A57-B8BDC6B7C734}"
EndProject
Project("{FAE04EC0-301F-11D3-BF4B-00C04F79EFBC}") = "ex1002", "beecrowd\ex1002\ex1002.csproj", "{67875216-10AC-5FFE-22BA-167103FF2039}"
EndProject
Project("{FAE04EC0-301F-11D3-BF4B-00C04F79EFBC}") = "ex1003", "beecrowd\ex1003\ex1003.csproj", "{9FC1FCD1-F727-7CB2-BC3A-2DB9B4A57DF5}"
EndProject
Project("{FAE04EC0-301F-11D3-BF4B-00C04F79EFBC}") = "ex1004", "beecrowd\ex1004\ex1004.csproj", "{104646CD-3258-85BE-A9BC-79871937D8E1}"
EndProject
Project("{FAE04EC0-301F-11D3-BF4B-00C04F79EFBC}") = "ex1005", "beecrowd\ex1005\ex1005.csproj", "{7E8CA58D-2AA5-6085-3951-7A9F52864052}"
EndProject
Project("{FAE04EC0-301F-11D3-BF4B-00C04F79EFBC}") = "ex1006", "beecrowd\ex1006\ex1006.csproj", "{8C104138-1D47-7750-C81F-52C330B16E92}"
EndProject
Project("{FAE04EC0-301F-11D3-BF4B-00C04F79EFBC}") = "ex1007", "beecrowd\ex1007\ex1007.csproj", "{56C9A0BF-FB8B-5925-AF39-51863C8B4FFF}"
EndProject
Project("{FAE04EC0-301F-11D3-BF4B-00C04F79EFBC}") = "ex1008", "beecrowd\ex1008\ex1008.csproj", "{D554E3B6-720D-0207-53D7-8BF68885E668}"
EndProject
Project("{FAE04EC0-301F-11D3-BF4B-00C04F79EFBC}") = "ex1009", "beecrowd\ex1009\ex1009.csproj", "{60AC3665-11DB-5388-354E-30EE3696E06B}"
EndProject
Project("{FAE04EC0-301F-11D3-BF4B-00C04F79EFBC}") = "ex1010", "beecrowd\ex1010\ex1010.csproj", "{39E2D87E-1106-2698-CF55-6A0A35C150EB}"
EndProject
Project("{FAE04EC0-301F-11D3-BF4B-00C04F79EFBC}") = "ex1011", "beecrowd\ex1011\ex1011.csproj", "{E6716AC4-7DD0-5B70-2239-D7E7E9738741}"
EndProject
Project("{FAE04EC0-301F-11D3-BF4B-00C04F79EFBC}") = "ex1012", "beecrowd\ex1012\ex1012.csproj", "{9D3FC5AE-DB46-FFE9-05D4-63FA58AFF982}"
EndProject
Project("{FAE04EC0-301F-11D3-BF4B-00C04F79EFBC}") = "ex1013", "beecrowd\ex1013\ex1013.csproj", "{8D40DD6C-361F-398B-92B5-EE067205E1A0}"
EndProject
Project("{FAE04EC0-301F-11D3-BF4B-00C04F79EFBC}") = "ex1014", "beecrowd\ex1014\ex1014.csproj", "{B716DB87-18F2-188D-1844-2AE2367E3AE4}"
EndProject
Project("{FAE04EC0-301F-11D3-BF4B-00C04F79EFBC}") = "ex1015", "beecrowd\ex1015\ex1015.csproj", "{FAF763DB-5E22-4817-4A18-ADDA8A5F12C9}"
EndProject
Project("{FAE04EC0-301F-11D3-BF4B-00C04F79EFBC}") = "ex1016", "beecrowd\ex1016\ex1016.csproj", "{5E6B201F-B1EF-9B15-51D4-C773EA6087EE}"
EndProject
Project("{FAE04EC0-301F-11D3-BF4B-00C04F79EFBC}") = "ex1017", "beecrowd\ex1017\ex1017.csproj", "{D4BD5C01-7784-C0A1-1A96-625211F61995}"
EndProject
Project("{FAE04EC0-301F-11D3-BF4B-00C04F79EFBC}") = "ex1018", "beecrowd\ex1018\ex1018.csproj", "{F3304D9D-2410-E4F1-CB6A-5098C9C66943}"
EndProject
Project("{FAE04EC0-301F-11D3-BF4B-00C04F79EFBC}") = "ex1019", "beecrowd\ex1019\ex1019.csproj", "{379A0C9C-744A-AEA3-4FE7-FB5CF579AFAA}"
EndProject
Project("{FAE04EC0-301F-11D3-BF4B-00C04F79EFBC}") = "ex1020", "beecrowd\ex1020\ex1020.csproj", "{B4C2CBB9-B742-9739-129A-F023CC5EC42A}"
EndProject
Project("{FAE04EC0-301F-11D3-BF4B-00C04F79EFBC}") = "ex1021", "beecrowd\ex1021\ex1021.csproj", "{C24693B1-3DAC-A92B-218D-1CE4AE6AE2CA}"
EndProject
Project("{FAE04EC0-301F-11D3-BF4B-00C04F79EFBC}") = "ex1035", "beecrowd\ex1035\ex1035.csproj", "{F7251659-4DEF-3176-7615-60AE5FB700CB}"
EndProject
Project("{FAE04EC0-301F-11D3-BF4B-00C04F79EFBC}") = "ex1036", "beecrowd\ex1036\ex1036.csproj", "{9489BB21-B659-89A2-6D7F-744305584E57}"
EndProject
Project("{FAE04EC0-301F-11D3-BF4B-00C04F79EFBC}") = "ex1037", "beecrowd\ex1037\ex1037.csproj", "{714A9EA0-6285-C1BB-1ED2-AF29AFDAC86B}"
EndProject
Project("{FAE04EC0-301F-11D3-BF4B-00C04F79EFBC}") = "ex1038", "beecrowd\ex1038\ex1038.csproj", "{42BDB9F8-85EF-DA57-7348-C1F4E1A5EC4B}"
EndProject
Project("{FAE04EC0-301F-11D3-BF4B-00C04F79EFBC}") = "ex1040", "beecrowd\ex1040\ex1040.csproj", "{EC9CF393-5C3D-6EB7-76BE-3432774E33F7}"
EndProject
Project("{FAE04EC0-301F-11D3-BF4B-00C04F79EFBC}") = "ex1042", "beecrowd\ex1042\ex1042.csproj", "{C9AFC4A4-C129-2315-355A-92B623B34F2D}"
EndProject
Project("{FAE04EC0-301F-11D3-BF4B-00C04F79EFBC}") = "ex1071", "beecrowd\ex1071\ex1071.csproj", "{3FD539FE-5692-6541-0C77-A37449CB97C0}"
EndProject
Project("{FAE04EC0-301F-11D3-BF4B-00C04F79EFBC}") = "ex1078", "beecrowd\ex1078\ex1078.csproj", "{3B8D8F59-6AEE-5A74-54DD-DCF2A178CB75}"
EndProject
Project("{FAE04EC0-301F-11D3-BF4B-00C04F79EFBC}") = "ex1113", "beecrowd\ex1113\ex1113.csproj", "{ED914A2D-13A1-36F8-F4FD-A102154ECE31}"
EndProject
Global
	GlobalSection(SolutionConfigurationPlatforms) = preSolution
		Debug|Any CPU = Debug|Any CPU
		Release|Any CPU = Release|Any CPU
	EndGlobalSection
	GlobalSection(ProjectConfigurationPlatforms) = postSolution
		{C5DBB44F-9F03-A842-29D0-C0A0D1330C81}.Debug|Any CPU.ActiveCfg = Debug|Any CPU
		{C5DBB44F-9F03-A842-29D0-C0A0D1330C81}.Debug|Any CPU.Build.0 = Debug|Any CPU
		{C5DBB44F-9F03-A842-29D0-C0A0D1330C81}.Release|Any CPU.ActiveCfg = Release|Any CPU
		{C5DBB44F-9F03-A842-29D0-C0A0D1330C81}.Release|Any CPU.Build.0 = Release|Any CPU
		{24557549-9FA3-242A-2A57-B8BDC6B7C734}.Debug|Any CPU.ActiveCfg = Debug|Any CPU
		{24557549-9FA3-242A-2A57-B8BDC6B7C734}.Debug|Any CPU.Build.0 = Debug|Any CPU
		{24557549-9FA3-242A-2A57-B8BDC6B7C734}.Release|Any CPU.ActiveCfg = Release|Any CPU
		{24557549-9FA3-242A-2A57-B8BDC6B7C734}.Release|Any CPU.Build.0 = Release|Any CPU
		{67875216-10AC-5FFE-22BA-167103FF2039}.Debug|Any CPU.ActiveCfg = Debug|Any CPU
		{67875216-10AC-5FFE-22BA-167103FF2039}.Debug|Any CPU.Build.0 = Debug|Any CPU
		{67875216-10AC-5FFE-22BA-167103FF2039}.Release|Any CPU.ActiveCfg = Release|Any CPU
		{67875216-10AC-5FFE-22BA-167103FF2039}.Release|Any CPU.Build.0 = Release|Any CPU
		{9FC1FCD1-F727-7CB2-BC3A-2DB9B4A57DF5}.Debug|Any CPU.ActiveCfg = Debug|Any CPU
		{9FC1FCD1-F727-7CB2-BC3A-2DB9B4A57DF5}.Debug|Any CPU.Build.0 = Debug|Any CPU
		{9FC1FCD1-F727-7CB2-BC3A-2DB9B4A57DF5}.Release|Any CPU.ActiveCfg = Release|Any CPU
		{9FC1FCD1-F727-7CB2-BC3A-2DB9B4A57DF5}.Release|Any CPU.Build.0 = Release|Any CPU
		{104646CD-3258-85BE-A9BC-79871937D8E1}.Debug|Any CPU.ActiveCfg = Debug|Any CPU
		{104646CD-3258-85BE-A9BC-79871937D8E1}.Debug|Any CPU.Build.0 = Debug|Any CPU
		{104646CD-3258-85BE-A9BC-79871937D8E1}.Release|Any CPU.ActiveCfg = Release|Any CPU
		{104646CD-3258-85BE-A9BC-79871937D8E1}.Release|Any CPU.Build.0 = Release|Any CPU
		{7E8CA58D-2AA5-6085-3951-7A9F52864052}.Debug|Any CPU.ActiveCfg = Debug|Any CPU
		{7E8CA58D-2AA5-6085-3951-7A9F52864052}.Debug|Any CPU.Build.0 = Debug|Any CPU
		{7E8CA58D-2AA5-6085-3951-7A9F52864052}.Release|Any CPU.ActiveCfg = Release|Any CPU
		{7E8CA58D-2AA5-6085-3951-7A9F52864052}.Release|Any CPU.Build.0 = Release|Any CPU
		{8C104138-1D47-7750-C81F-52C330B16E92}.Debug|Any CPU.ActiveCfg = Debug|Any CPU
		{8C104138-1D47-7750-C81F-52C330B16E92}.Debug|Any CPU.Build.0 = Debug|Any CPU
		{8C104138-1D47-7750-C81F-52C330B16E92}.Release|Any CPU.ActiveCfg = Release|Any CPU
		{8C104138-1D47-7750-C81F-52C330B16E92}.Release|Any CPU.Build.0 = Release|Any CPU
		{56C9A0BF-FB8B-5925-AF39-51863C8B4FFF}.Debug|Any CPU.ActiveCfg = Debug|Any CPU
		{56C9A0BF-FB8B-5925-AF39-51863C8B4FFF}.Debug|Any CPU.Build.0 = Debug|Any CPU
		{56C9A0BF-FB8B-5925-AF39-51863C8B4FFF}.Release|Any CPU.ActiveCfg = Release|Any CPU
		{56C9A0BF-FB8B-5925-AF39-51863C8B4FFF}.Release|Any CPU.Build.0 = Release|Any CPU
		{D554E3B6-720D-0207-53D7-8BF68885E668}.Debug|Any CPU.ActiveCfg = Debug|Any CPU
		{D554E3B6-720D-0207-53D7-8BF68885E668}.Debug|Any CPU.Build.0 = Debug|Any CPU
		{D554E3B6-720D-0207-53D7-8BF68885E668}.Release|Any CPU.ActiveCfg = Release|Any CPU
		{D554E3B6-720D-0207-53D7-8BF68885E668}.Release|Any CPU.Build.0 = Release|Any CPU
		{60AC3665-11DB-5388-354E-30EE3696E06B}.Debug|Any CPU.ActiveCfg = Debug|Any CPU
		{60AC3665-11DB-5388-354E-30EE3696E06B}.Debug|Any CPU.Build.0 = Debug|Any CPU
		{60AC3665-11DB-5388-354E-30EE3696E06B}.Release|Any CPU.ActiveCfg = Release|Any CPU
		{60AC3665-11DB-5388-354E-30EE3696E06B}.Release|Any CPU.Build.0 = Release|Any CPU
		{39E2D87E-1106-2698-CF55-6A0A35C150EB}.Debug|Any CPU.ActiveCfg = Debug|Any CPU
		{39E2D87E-1106-2698-CF55-6A0A35C150EB}.Debug|Any CPU.Build.0 = Debug|Any CPU
		{39E2D87E-1106-2698-CF55-6A0A35C150EB}.Release|Any CPU.ActiveCfg = Release|Any CPU
		{39E2D87E-1106-2698-CF55-6A0A35C150EB}.Release|Any CPU.Build.0 = Release|Any CPU
		{E6716AC4-7DD0-5B70-2239-D7E7E9738741}.Debug|Any CPU.ActiveCfg = Debug|Any CPU
		{E6716AC4-7DD0-5B70-2239-D7E7E9738741}.Debug|Any CPU.Build.0 = Debug|Any CPU
		{E6716AC4-7DD0-5B70-2239-D7E7E9738741}.Release|Any CPU.ActiveCfg = Release|Any CPU
		{E6716AC4-7DD0-5B70-2239-D7E7E9738741}.Release|Any CPU.Build.0 = Release|Any CPU
		{9D3FC5AE-DB46-FFE9-05D4-63FA58AFF982}.Debug|Any CPU.ActiveCfg = Debug|Any CPU
		{9D3FC5AE-DB46-FFE9-05D4-63FA58AFF982}.Debug|Any CPU.Build.0 = Debug|Any CPU
		{9D3FC5AE-DB46-FFE9-05D4-63FA58AFF982}.Release|Any CPU.ActiveCfg = Release|Any CPU
		{9D3FC5AE-DB46-FFE9-05D4-63FA58AFF982}.Release|Any CPU.Build.0 = Release|Any CPU
		{8D40DD6C-361F-398B-92B5-EE067205E1A0}.Debug|Any CPU.ActiveCfg = Debug|Any CPU
		{8D40DD6C-361F-398B-92B5-EE067205E1A0}.Debug|Any CPU.Build.0 = Debug|Any CPU
		{8D40DD6C-361F-398B-92B5-EE067205E1A0}.Release|Any CPU.ActiveCfg = Release|Any CPU
		{8D40DD6C-361F-398B-92B5-EE067205E1A0}.Release|Any CPU.Build.0 = Release|Any CPU
		{B716DB87-18F2-188D-1844-2AE2367E3AE4}.Debug|Any CPU.ActiveCfg = Debug|Any CPU
		{B716DB87-18F2-188D-1844-2AE2367E3AE4}.Debug|Any CPU.Build.0 = Debug|Any CPU
		{B716DB87-18F2-188D-1844-2AE2367E3AE4}.Release|Any CPU.ActiveCfg = Release|Any CPU
		{B716DB87-18F2-188D-1844-2AE2367E3AE4}.Release|Any CPU.Build.0 = Release|Any CPU
		{FAF763DB-5E22-4817-4A18-ADDA8A5F12C9}.Debug|Any CPU.ActiveCfg = Debug|Any CPU
		{FAF763DB-5E22-4817-4A18-ADDA8A5F12C9}.Debug|Any CPU.Build.0 = Debug|Any CPU
		{FAF763DB-5E22-4817-4A18-ADDA8A5F12C9}.Release|Any CPU.ActiveCfg = Release|Any CPU
		{FAF763DB-5E22-4817-4A18-ADDA8A5F12C9}.Release|Any CPU.Build.0 = Release|Any CPU
		{5E6B201F-B1EF-9B15-51D4-C773EA6087EE}.Debug|Any CPU.ActiveCfg = Debug|Any CPU
		{5E6B201F-B1EF-9B15-51D4-C773EA6087EE}.Debug|Any CPU.Build.0 = Debug|Any CPU
		{5E6B201F-B1EF-9B15-51D4-C773EA6087EE}.Release|Any CPU.ActiveCfg = Release|Any CPU
		{5E6B201F-B1EF-9B15-51D4-C773EA6087EE}.Release|Any CPU.Build.0 = Release|Any CPU
		{D4BD5C01-7784-C0A1-1A96-625211F61995}.Debug|Any CPU.ActiveCfg = Debug|Any CPU
		{D4BD5C01-7784-C0A1-1A96-625211F61995}.Debug|Any CPU.Build.0 = Debug|Any CPU
		{D4BD5C01-7784-C0A1-1A96-625211F61995}.Release|Any CPU.ActiveCfg = Release|Any CPU
		{D4BD5C01-7784-C0A1-1A96-625211F61995}.Release|Any CPU.Build.0 = Release|Any CPU
		{F3304D9D-2410-E4F1-CB6A-5098C9C66943}.Debug|Any CPU.ActiveCfg = Debug|Any CPU
		{F3304D9D-2410-E4F1-CB6A-5098C9C66943}.Debug|Any CPU.Build.0 = Debug|Any CPU
		{F3304D9D-2410-E4F1-CB6A-5098C9C66943}.Release|Any CPU.ActiveCfg = Release|Any CPU
		{F3304D9D-2410-E4F1-CB6A-5098C9C66943}.Release|Any CPU.Build.0 = Release|Any CPU
		{379A0C9C-744A-AEA3-4FE7-FB5CF579AFAA}.Debug|Any CPU.ActiveCfg = Debug|Any CPU
		{379A0C9C-744A-AEA3-4FE7-FB5CF579AFAA}.Debug|Any CPU.Build.0 = Debug|Any CPU
		{379A0C9C-744A-AEA3-4FE7-FB5CF579AFAA}.Release|Any CPU.ActiveCfg = Release|Any CPU
		{379A0C9C-744A-AEA3-4FE7-FB5CF579AFAA}.Release|Any CPU.Build.0 = Release|Any CPU
		{B4C2CBB9-B742-9739-129A-F023CC5EC42A}.Debug|Any CPU.ActiveCfg = Debug|Any CPU
		{B4C2CBB9-B742-9739-129A-F023CC5EC42A}.Debug|Any CPU.Build.0 = Debug|Any CPU
		{B4C2CBB9-B742-9739-129A-F023CC5EC42A}.Release|Any CPU.ActiveCfg = Release|Any CPU
		{B4C2CBB9-B742-9739-129A-F023CC5EC42A}.Release|Any CPU.Build.0 = Release|Any CPU
		{C24693B1-3DAC-A92B-218D-1CE4AE6AE2CA}.Debug|Any CPU.ActiveCfg = Debug|Any CPU
		{C24693B1-3DAC-A92B-218D-1CE4AE6AE2CA}.Debug|Any CPU.Build.0 = Debug|Any CPU
		{C24693B1-3DAC-A92B-218D-1CE4AE6AE2CA}.Release|Any CPU.ActiveCfg = Release|Any CPU
		{C24693B1-3DAC-A92B-218D-1CE4AE6AE2CA}.Release|Any CPU.Build.0 = Release|Any CPU
		{F7251659-4DEF-3176-7615-60AE5FB700CB}.Debug|Any CPU.ActiveCfg = Debug|Any CPU
		{F7251659-4DEF-3176-7615-60AE5FB700CB}.Debug|Any CPU.Build.0 = Debug|Any CPU
		{F7251659-4DEF-3176-7615-60AE5FB700CB}.Release|Any CPU.ActiveCfg = Release|Any CPU
		{F7251659-4DEF-3176-7615-60AE5FB700CB}.Release|Any CPU.Build.0 = Release|Any CPU
		{9489BB21-B659-89A2-6D7F-744305584E57}.Debug|Any CPU.ActiveCfg = Debug|Any CPU
		{9489BB21-B659-89A2-6D7F-744305584E57}.Debug|Any CPU.Build.0 = Debug|Any CPU
		{9489BB21-B659-89A2-6D7F-744305584E57}.Release|Any CPU.ActiveCfg = Release|Any CPU
		{9489BB21-B659-89A2-6D7F-744305584E57}.Release|Any CPU.Build.0 = Release|Any CPU
		{714A9EA0-6285-C1BB-1ED2-AF29AFDAC86B}.Debug|Any CPU.ActiveCfg = Debug|Any CPU
		{714A9EA0-6285-C1BB-1ED2-AF29AFDAC86B}.Debug|Any CPU.Build.0 = Debug|Any CPU
		{714A9EA0-6285-C1BB-1ED2-AF29AFDAC86B}.Release|Any CPU.ActiveCfg = Release|Any CPU
		{714A9EA0-6285-C1BB-1ED2-AF29AFDAC86B}.Release|Any CPU.Build.0 = Release|Any CPU
		{42BDB9F8-85EF-DA57-7348-C1F4E1A5EC4B}.Debug|Any CPU.ActiveCfg = Debug|Any CPU
		{42BDB9F8-85EF-DA57-7348-C1F4E1A5EC4B}.Debug|Any CPU.Build.0 = Debug|Any CPU
		{42BDB9F8-85EF-DA57-7348-C1F4E1A5EC4B}.Release|Any CPU.ActiveCfg = Release|Any CPU
		{42BDB9F8-85EF-DA57-7348-C1F4E1A5EC4B}.Release|Any CPU.Build.0 = Release|Any CPU
		{EC9CF393-5C3D-6EB7-76BE-3432774E33F7}.Debug|Any CPU.ActiveCfg = Debug|Any CPU
		{EC9CF393-5C3D-6EB7-76BE-3432774E33F7}.Debug|Any CPU.Build.0 = Debug|Any CPU
		{EC9CF393-5C3D-6EB7-76BE-3432774E33F7}.Release|Any CPU.ActiveCfg = Release|Any CPU
		{EC9CF393-5C3D-6EB7-76BE-3432774E33F7}.Release|Any CPU.Build.0 = Release|Any CPU
		{C9AFC4A4-C129-2315-355A-92B623B34F2D}.Debug|Any CPU.ActiveCfg = Debug|Any CPU
		{C9AFC4A4-C129-2315-355A-92B623B34F2D}.Debug|Any CPU.Build.0 = Debug|Any CPU
		{C9AFC4A4-C129-2315-355A-92B623B34F2D}.Release|Any CPU.ActiveCfg = Release|Any CPU
		{C9AFC4A4-C129-2315-355A-92B623B34F2D}.Release|Any CPU.Build.0 = Release|Any CPU
		{3FD539FE-5692-6541-0C77-A37449CB97C0}.Debug|Any CPU.ActiveCfg = Debug|Any CPU
		{3FD539FE-5692-6541-0C77-A37449CB97C0}.Debug|Any CPU.Build.0 = Debug|Any CPU
		{3FD539FE-5692-6541-0C77-A37449CB97C0}.Release|Any CPU.ActiveCfg = Release|Any CPU
		{3FD539FE-5692-6541-0C77-A37449CB97C0}.Release|Any CPU.Build.0 = Release|Any CPU
		{3B8D8F59-6AEE-5A74-54DD-DCF2A178CB75}.Debug|Any CPU.ActiveCfg = Debug|Any CPU
		{3B8D8F59-6AEE-5A74-54DD-DCF2A178CB75}.Debug|Any CPU.Build.0 = Debug|Any CPU
		{3B8D8F59-6AEE-5A74-54DD-DCF2A178CB75}.Release|Any CPU.ActiveCfg = Release|Any CPU
		{3B8D8F59-6AEE-5A74-54DD-DCF2A178CB75}.Release|Any CPU.Build.0 = Release|Any CPU
		{ED914A2D-13A1-36F8-F4FD-A102154ECE31}.Debug|Any CPU.ActiveCfg = Debug|Any CPU
		{ED914A2D-13A1-36F8-F4FD-A102154ECE31}.Debug|Any CPU.Build.0 = Debug|Any CPU
		{ED914A2D-13A1-36F8-F4FD-A102154ECE31}.Release|Any CPU.ActiveCfg = Release|Any CPU
		{ED914A2D-13A1-36F8-F4FD-A102154ECE31}.Release|Any CPU.Build.0 = Release|Any CPU
	EndGlobalSection
	GlobalSection(SolutionProperties) = preSolution
		HideSolutionNode = FALSE
	EndGlobalSection
	GlobalSection(NestedProjects) = preSolution
		{24557549-9FA3-242A-2A57-B8BDC6B7C734} = {CA019F14-7EA1-782F-C59A-05D5B3648440}
		{67875216-10AC-5FFE-22BA-167103FF2039} = {CA019F14-7EA1-782F-C59A-05D5B3648440}
		{9FC1FCD1-F727-7CB2-BC3A-2DB9B4A57DF5} = {CA019F14-7EA1-782F-C59A-05D5B3648440}
		{104646CD-3258-85BE-A9BC-79871937D8E1} = {CA019F14-7EA1-782F-C59A-05D5B3648440}
		{7E8CA58D-2AA5-6085-3951-7A9F52864052} = {CA019F14-7EA1-782F-C59A-05D5B3648440}
		{8C104138-1D47-7750-C81F-52C330B16E92} = {CA019F14-7EA1-782F-C59A-05D5B3648440}
		{56C9A0BF-FB8B-5925-AF39-51863C8B4FFF} = {CA019F14-7EA1-782F-C59A-05D5B3648440}
		{D554E3B6-720D-0207-53D7-8BF68885E668} = {CA019F14-7EA1-782F-C59A-05D5B3648440}
		{60AC3665-11DB-5388-354E-30EE3696E06B} = {CA019F14-7EA1-782F-C59A-05D5B3648440}
		{39E2D87E-1106-2698-CF55-6A0A35C150EB} = {CA019F14-7EA1-782F-C59A-05D5B3648440}
		{E6716AC4-7DD0-5B70-2239-D7E7E9738741} = {CA019F14-7EA1-782F-C59A-05D5B3648440}
		{9D3FC5AE-DB46-FFE9-05D4-63FA58AFF982} = {CA019F14-7EA1-782F-C59A-05D5B3648440}
		{8D40DD6C-361F-398B-92B5-EE067205E1A0} = {CA019F14-7EA1-782F-C59A-05D5B3648440}
		{B716DB87-18F2-188D-1844-2AE2367E3AE4} = {CA019F14-7EA1-782F-C59A-05D5B3648440}
		{FAF763DB-5E22-4817-4A18-ADDA8A5F12C9} = {CA019F14-7EA1-782F-C59A-05D5B3648440}
		{5E6B201F-B1EF-9B15-51D4-C773EA6087EE} = {CA019F14-7EA1-782F-C59A-05D5B3648440}
		{D4BD5C01-7784-C0A1-1A96-625211F61995} = {CA019F14-7EA1-782F-C59A-05D5B3648440}
		{F3304D9D-2410-E4F1-CB6A-5098C9C66943} = {CA019F14-7EA1-782F-C59A-05D5B3648440}
		{379A0C9C-744A-AEA3-4FE7-FB5CF579AFAA} = {CA019F14-7EA1-782F-C59A-05D5B3648440}
		{B4C2CBB9-B742-9739-129A-F023CC5EC42A} = {CA019F14-7EA1-782F-C59A-05D5B3648440}
		{C24693B1-3DAC-A92B-218D-1CE4AE6AE2CA} = {CA019F14-7EA1-782F-C59A-05D5B3648440}
		{F7251659-4DEF-3176-7615-60AE5FB700CB} = {CA019F14-7EA1-782F-C59A-05D5B3648440}
		{9489BB21-B659-89A2-6D7F-744305584E57} = {CA019F14-7EA1-782F-C59A-05D5B3648440}
		{714A9EA0-6285-C1BB-1ED2-AF29AFDAC86B} = {CA019F14-7EA1-782F-C59A-05D5B3648440}
		{42BDB9F8-85EF-DA57-7348-C1F4E1A5EC4B} = {CA019F14-7EA1-782F-C59A-05D5B3648440}
		{EC9CF393-5C3D-6EB7-76BE-3432774E33F7} = {CA019F14-7EA1-782F-C59A-05D5B3648440}
		{C9AFC4A4-C129-2315-355A-92B623B34F2D} = {CA019F14-7EA1-782F-C59A-05D5B3648440}
		{3FD539FE-5692-6541-0C77-A37449CB97C0} = {CA019F14-7EA1-782F-C59A-05D5B3648440}
		{3B8D8F59-6AEE-5A74-54DD-DCF2A178CB75} = {CA019F14-7EA1-782F-C59A-05D5B3648440}
		{ED914A2D-13A1-36F8-F4FD-A102154ECE31} = {CA019F14-7EA1-782F-C59A-05D5B3648440}
	EndGlobalSection
	GlobalSection(ExtensibilityGlobals) = postSolution
		SolutionGuid = {BC8ADD3A-77A6-4139-BE3B-431C9BB85A4A}
	EndGlobalSection
EndGlobal
